// !$*UTF8*$!
{
	archiveVersion = 1;
	classes = {
	};
	objectVersion = 46;
	objects = {

/* Begin PBXBuildFile section */
		DE0B64DE1B947D5E0045CA5C /* EternalTriangle.h in Headers */ = {isa = PBXBuildFile; fileRef = DE0B64DD1B947D5E0045CA5C /* EternalTriangle.h */; settings = {ATTRIBUTES = (Public, ); }; };
		DE0B65331B94848A0045CA5C /* StringScanner.swift in Sources */ = {isa = PBXBuildFile; fileRef = DE0B65321B94848A0045CA5C /* StringScanner.swift */; };
		DE0B65701B9487BA0045CA5C /* StringScannerTests.swift in Sources */ = {isa = PBXBuildFile; fileRef = DE0B656F1B9487BA0045CA5C /* StringScannerTests.swift */; };
		DE0B65731B948A370045CA5C /* Core.swift in Sources */ = {isa = PBXBuildFile; fileRef = DE0B65721B948A370045CA5C /* Core.swift */; };
		DE0B65751B948DA90045CA5C /* Element.swift in Sources */ = {isa = PBXBuildFile; fileRef = DE0B65741B948DA90045CA5C /* Element.swift */; };
		DE0B65771B9499FE0045CA5C /* Parser.swift in Sources */ = {isa = PBXBuildFile; fileRef = DE0B65761B9499FE0045CA5C /* Parser.swift */; };
		DE0B657A1B949D590045CA5C /* Header.swift in Sources */ = {isa = PBXBuildFile; fileRef = DE0B65791B949D590045CA5C /* Header.swift */; };
		DE0B657D1B94A1180045CA5C /* Tune.swift in Sources */ = {isa = PBXBuildFile; fileRef = DE0B657C1B94A1180045CA5C /* Tune.swift */; };
		DE0B65821B9520E00045CA5C /* ParserTests.swift in Sources */ = {isa = PBXBuildFile; fileRef = DE0B65811B9520E00045CA5C /* ParserTests.swift */; };
		DE0B65891B9736EB0045CA5C /* String.swift in Sources */ = {isa = PBXBuildFile; fileRef = DE0B65881B9736EB0045CA5C /* String.swift */; };
		DE0B658D1B9757040045CA5C /* StringTests.swift in Sources */ = {isa = PBXBuildFile; fileRef = DE0B658C1B9757040045CA5C /* StringTests.swift */; };
		DE4BEB1C1BE3865900E16215 /* Sequencer.swift in Sources */ = {isa = PBXBuildFile; fileRef = DE4BEB1B1BE3865900E16215 /* Sequencer.swift */; settings = {ASSET_TAGS = (); }; };
		DE603A9F1B9DD8520059A8CD /* song.txt in Resources */ = {isa = PBXBuildFile; fileRef = DE603A9D1B9DD83D0059A8CD /* song.txt */; };
		DE603AA31B9FF8680059A8CD /* AudioToolbox.framework in Frameworks */ = {isa = PBXBuildFile; fileRef = DE603AA21B9FF8680059A8CD /* AudioToolbox.framework */; };
		DE603AA41B9FF8890059A8CD /* AudioToolbox.framework in Frameworks */ = {isa = PBXBuildFile; fileRef = DE603AA21B9FF8680059A8CD /* AudioToolbox.framework */; };
		DE603AAB1BA10DD40059A8CD /* Renderer.swift in Sources */ = {isa = PBXBuildFile; fileRef = DE603AAA1BA10DD40059A8CD /* Renderer.swift */; };
		DED316C71BA57FCC00E45633 /* MIDIUtility.swift in Sources */ = {isa = PBXBuildFile; fileRef = DED316C61BA57FCC00E45633 /* MIDIUtility.swift */; };
		DED316CF1BA6534400E45633 /* SheetElement.swift in Sources */ = {isa = PBXBuildFile; fileRef = DED316CE1BA6534400E45633 /* SheetElement.swift */; };
		DED316D41BA7A67400E45633 /* Rest.swift in Sources */ = {isa = PBXBuildFile; fileRef = DED316D31BA7A67400E45633 /* Rest.swift */; };
		DED316D61BA7A6DB00E45633 /* UIView.swift in Sources */ = {isa = PBXBuildFile; fileRef = DED316D51BA7A6DB00E45633 /* UIView.swift */; };
		DED316D81BA8A44B00E45633 /* Note.swift in Sources */ = {isa = PBXBuildFile; fileRef = DED316D71BA8A44B00E45633 /* Note.swift */; };
		DED316DA1BA9850F00E45633 /* Flag.swift in Sources */ = {isa = PBXBuildFile; fileRef = DED316D91BA9850F00E45633 /* Flag.swift */; };
		DED316DC1BABC43E00E45633 /* Symbol.swift in Sources */ = {isa = PBXBuildFile; fileRef = DED316DB1BABC43E00E45633 /* Symbol.swift */; };
		DED316DE1BAD0FD600E45633 /* Accidental.swift in Sources */ = {isa = PBXBuildFile; fileRef = DED316DD1BAD0FD600E45633 /* Accidental.swift */; };
		DED316E01BB08B4100E45633 /* OneLineSheet.swift in Sources */ = {isa = PBXBuildFile; fileRef = DED316DF1BB08B4100E45633 /* OneLineSheet.swift */; };
		DED316E31BB2D81600E45633 /* Animation.swift in Sources */ = {isa = PBXBuildFile; fileRef = DED316E21BB2D81600E45633 /* Animation.swift */; };
		DEFE6EBA1BA1B57600BA76B4 /* ABCParser.swift in Sources */ = {isa = PBXBuildFile; fileRef = DEFE6EB91BA1B57600BA76B4 /* ABCParser.swift */; };
		DEFE6EC41BA3206C00BA76B4 /* vibraphone.sf2 in Resources */ = {isa = PBXBuildFile; fileRef = DEFE6EC31BA3206C00BA76B4 /* vibraphone.sf2 */; };
/* End PBXBuildFile section */

/* Begin PBXContainerItemProxy section */
		DE0B65691B94879C0045CA5C /* PBXContainerItemProxy */ = {
			isa = PBXContainerItemProxy;
			containerPortal = DE0B64CF1B947D5D0045CA5C /* Project object */;
			proxyType = 1;
			remoteGlobalIDString = DE0B64D71B947D5D0045CA5C;
			remoteInfo = EternalTriangle;
		};
/* End PBXContainerItemProxy section */

/* Begin PBXFileReference section */
		DE0B64D81B947D5D0045CA5C /* EternalTriangle.framework */ = {isa = PBXFileReference; explicitFileType = wrapper.framework; includeInIndex = 0; path = EternalTriangle.framework; sourceTree = BUILT_PRODUCTS_DIR; };
		DE0B64DC1B947D5E0045CA5C /* Info.plist */ = {isa = PBXFileReference; lastKnownFileType = text.plist.xml; path = Info.plist; sourceTree = "<group>"; };
		DE0B64DD1B947D5E0045CA5C /* EternalTriangle.h */ = {isa = PBXFileReference; lastKnownFileType = sourcecode.c.h; path = EternalTriangle.h; sourceTree = "<group>"; };
		DE0B65321B94848A0045CA5C /* StringScanner.swift */ = {isa = PBXFileReference; fileEncoding = 4; lastKnownFileType = sourcecode.swift; path = StringScanner.swift; sourceTree = "<group>"; };
		DE0B65621B94879C0045CA5C /* EternalTriangleTests.xctest */ = {isa = PBXFileReference; explicitFileType = wrapper.cfbundle; includeInIndex = 0; path = EternalTriangleTests.xctest; sourceTree = BUILT_PRODUCTS_DIR; };
		DE0B65651B94879C0045CA5C /* Info.plist */ = {isa = PBXFileReference; lastKnownFileType = text.plist.xml; path = Info.plist; sourceTree = "<group>"; };
		DE0B656F1B9487BA0045CA5C /* StringScannerTests.swift */ = {isa = PBXFileReference; fileEncoding = 4; lastKnownFileType = sourcecode.swift; path = StringScannerTests.swift; sourceTree = "<group>"; };
		DE0B65721B948A370045CA5C /* Core.swift */ = {isa = PBXFileReference; fileEncoding = 4; lastKnownFileType = sourcecode.swift; path = Core.swift; sourceTree = "<group>"; };
		DE0B65741B948DA90045CA5C /* Element.swift */ = {isa = PBXFileReference; fileEncoding = 4; lastKnownFileType = sourcecode.swift; path = Element.swift; sourceTree = "<group>"; };
		DE0B65761B9499FE0045CA5C /* Parser.swift */ = {isa = PBXFileReference; fileEncoding = 4; lastKnownFileType = sourcecode.swift; lineEnding = 0; path = Parser.swift; sourceTree = "<group>"; xcLanguageSpecificationIdentifier = xcode.lang.swift; };
		DE0B65791B949D590045CA5C /* Header.swift */ = {isa = PBXFileReference; fileEncoding = 4; lastKnownFileType = sourcecode.swift; path = Header.swift; sourceTree = "<group>"; };
		DE0B657C1B94A1180045CA5C /* Tune.swift */ = {isa = PBXFileReference; fileEncoding = 4; lastKnownFileType = sourcecode.swift; path = Tune.swift; sourceTree = "<group>"; };
		DE0B65811B9520E00045CA5C /* ParserTests.swift */ = {isa = PBXFileReference; fileEncoding = 4; lastKnownFileType = sourcecode.swift; path = ParserTests.swift; sourceTree = "<group>"; };
		DE0B65881B9736EB0045CA5C /* String.swift */ = {isa = PBXFileReference; fileEncoding = 4; lastKnownFileType = sourcecode.swift; path = String.swift; sourceTree = "<group>"; };
		DE0B658C1B9757040045CA5C /* StringTests.swift */ = {isa = PBXFileReference; fileEncoding = 4; lastKnownFileType = sourcecode.swift; path = StringTests.swift; sourceTree = "<group>"; };
		DE4BEB1B1BE3865900E16215 /* Sequencer.swift */ = {isa = PBXFileReference; fileEncoding = 4; lastKnownFileType = sourcecode.swift; path = Sequencer.swift; sourceTree = "<group>"; };
		DE603A9D1B9DD83D0059A8CD /* song.txt */ = {isa = PBXFileReference; fileEncoding = 4; lastKnownFileType = text; path = song.txt; sourceTree = "<group>"; };
		DE603AA21B9FF8680059A8CD /* AudioToolbox.framework */ = {isa = PBXFileReference; lastKnownFileType = wrapper.framework; name = AudioToolbox.framework; path = System/Library/Frameworks/AudioToolbox.framework; sourceTree = SDKROOT; };
		DE603AAA1BA10DD40059A8CD /* Renderer.swift */ = {isa = PBXFileReference; fileEncoding = 4; lastKnownFileType = sourcecode.swift; path = Renderer.swift; sourceTree = "<group>"; };
		DED316C61BA57FCC00E45633 /* MIDIUtility.swift */ = {isa = PBXFileReference; fileEncoding = 4; lastKnownFileType = sourcecode.swift; path = MIDIUtility.swift; sourceTree = "<group>"; };
		DED316CE1BA6534400E45633 /* SheetElement.swift */ = {isa = PBXFileReference; fileEncoding = 4; lastKnownFileType = sourcecode.swift; path = SheetElement.swift; sourceTree = "<group>"; };
		DED316D31BA7A67400E45633 /* Rest.swift */ = {isa = PBXFileReference; fileEncoding = 4; lastKnownFileType = sourcecode.swift; path = Rest.swift; sourceTree = "<group>"; };
		DED316D51BA7A6DB00E45633 /* UIView.swift */ = {isa = PBXFileReference; fileEncoding = 4; lastKnownFileType = sourcecode.swift; path = UIView.swift; sourceTree = "<group>"; };
		DED316D71BA8A44B00E45633 /* Note.swift */ = {isa = PBXFileReference; fileEncoding = 4; lastKnownFileType = sourcecode.swift; path = Note.swift; sourceTree = "<group>"; };
		DED316D91BA9850F00E45633 /* Flag.swift */ = {isa = PBXFileReference; fileEncoding = 4; lastKnownFileType = sourcecode.swift; path = Flag.swift; sourceTree = "<group>"; };
		DED316DB1BABC43E00E45633 /* Symbol.swift */ = {isa = PBXFileReference; fileEncoding = 4; lastKnownFileType = sourcecode.swift; path = Symbol.swift; sourceTree = "<group>"; };
		DED316DD1BAD0FD600E45633 /* Accidental.swift */ = {isa = PBXFileReference; fileEncoding = 4; lastKnownFileType = sourcecode.swift; path = Accidental.swift; sourceTree = "<group>"; };
		DED316DF1BB08B4100E45633 /* OneLineSheet.swift */ = {isa = PBXFileReference; fileEncoding = 4; lastKnownFileType = sourcecode.swift; path = OneLineSheet.swift; sourceTree = "<group>"; };
		DED316E21BB2D81600E45633 /* Animation.swift */ = {isa = PBXFileReference; fileEncoding = 4; lastKnownFileType = sourcecode.swift; path = Animation.swift; sourceTree = "<group>"; };
		DEFE6EB91BA1B57600BA76B4 /* ABCParser.swift */ = {isa = PBXFileReference; fileEncoding = 4; lastKnownFileType = sourcecode.swift; lineEnding = 0; path = ABCParser.swift; sourceTree = "<group>"; xcLanguageSpecificationIdentifier = xcode.lang.swift; };
		DEFE6EC31BA3206C00BA76B4 /* vibraphone.sf2 */ = {isa = PBXFileReference; lastKnownFileType = file; path = vibraphone.sf2; sourceTree = "<group>"; };
/* End PBXFileReference section */

/* Begin PBXFrameworksBuildPhase section */
		DE0B64D41B947D5D0045CA5C /* Frameworks */ = {
			isa = PBXFrameworksBuildPhase;
			buildActionMask = 2147483647;
			files = (
				DE603AA41B9FF8890059A8CD /* AudioToolbox.framework in Frameworks */,
			);
			runOnlyForDeploymentPostprocessing = 0;
		};
		DE0B655F1B94879C0045CA5C /* Frameworks */ = {
			isa = PBXFrameworksBuildPhase;
			buildActionMask = 2147483647;
			files = (
				DE603AA31B9FF8680059A8CD /* AudioToolbox.framework in Frameworks */,
			);
			runOnlyForDeploymentPostprocessing = 0;
		};
/* End PBXFrameworksBuildPhase section */

/* Begin PBXGroup section */
		DE0B64CE1B947D5D0045CA5C = {
			isa = PBXGroup;
			children = (
				DE603AA21B9FF8680059A8CD /* AudioToolbox.framework */,
				DE0B64DA1B947D5D0045CA5C /* Source */,
				DE0B65631B94879C0045CA5C /* Tests */,
				DE0B64D91B947D5D0045CA5C /* Products */,
			);
			sourceTree = "<group>";
		};
		DE0B64D91B947D5D0045CA5C /* Products */ = {
			isa = PBXGroup;
			children = (
				DE0B64D81B947D5D0045CA5C /* EternalTriangle.framework */,
				DE0B65621B94879C0045CA5C /* EternalTriangleTests.xctest */,
			);
			name = Products;
			sourceTree = "<group>";
		};
		DE0B64DA1B947D5D0045CA5C /* Source */ = {
			isa = PBXGroup;
			children = (
				DED316E11BB2D80200E45633 /* Animation */,
				DE603AA11B9FF7F40059A8CD /* Render */,
				DE603AA01B9FF7DB0059A8CD /* Playback */,
				DE0B65311B94844E0045CA5C /* Core */,
				DE0B65301B9484450045CA5C /* Misc */,
				DE0B64DD1B947D5E0045CA5C /* EternalTriangle.h */,
				DE0B64DB1B947D5E0045CA5C /* Supporting Files */,
			);
			name = Source;
			path = EternalTriangle;
			sourceTree = "<group>";
		};
		DE0B64DB1B947D5E0045CA5C /* Supporting Files */ = {
			isa = PBXGroup;
			children = (
				DE0B64DC1B947D5E0045CA5C /* Info.plist */,
			);
			name = "Supporting Files";
			sourceTree = "<group>";
		};
		DE0B65301B9484450045CA5C /* Misc */ = {
			isa = PBXGroup;
			children = (
				DE0B65321B94848A0045CA5C /* StringScanner.swift */,
				DE0B65881B9736EB0045CA5C /* String.swift */,
			);
			name = Misc;
			sourceTree = "<group>";
		};
		DE0B65311B94844E0045CA5C /* Core */ = {
			isa = PBXGroup;
			children = (
				DE0B65721B948A370045CA5C /* Core.swift */,
				DE0B65741B948DA90045CA5C /* Element.swift */,
				DE0B65761B9499FE0045CA5C /* Parser.swift */,
				DE0B65791B949D590045CA5C /* Header.swift */,
				DE0B657C1B94A1180045CA5C /* Tune.swift */,
				DEFE6EB91BA1B57600BA76B4 /* ABCParser.swift */,
			);
			name = Core;
			sourceTree = "<group>";
		};
		DE0B65631B94879C0045CA5C /* Tests */ = {
			isa = PBXGroup;
			children = (
				DE0B657E1B95207E0045CA5C /* Core */,
				DE0B656E1B9487AC0045CA5C /* Misc */,
				DE0B65641B94879C0045CA5C /* Supporting Files */,
			);
			name = Tests;
			path = EternalTriangleTests;
			sourceTree = "<group>";
		};
		DE0B65641B94879C0045CA5C /* Supporting Files */ = {
			isa = PBXGroup;
			children = (
				DE0B65651B94879C0045CA5C /* Info.plist */,
			);
			name = "Supporting Files";
			sourceTree = "<group>";
		};
		DE0B656E1B9487AC0045CA5C /* Misc */ = {
			isa = PBXGroup;
			children = (
				DE0B656F1B9487BA0045CA5C /* StringScannerTests.swift */,
				DE0B658C1B9757040045CA5C /* StringTests.swift */,
			);
			name = Misc;
			sourceTree = "<group>";
		};
		DE0B657E1B95207E0045CA5C /* Core */ = {
			isa = PBXGroup;
			children = (
				DE0B65811B9520E00045CA5C /* ParserTests.swift */,
				DE603A9D1B9DD83D0059A8CD /* song.txt */,
			);
			name = Core;
			sourceTree = "<group>";
		};
		DE603AA01B9FF7DB0059A8CD /* Playback */ = {
			isa = PBXGroup;
			children = (
				DEFE6EBB1BA31C5D00BA76B4 /* Sounds */,
				DED316C61BA57FCC00E45633 /* MIDIUtility.swift */,
				DE4BEB1B1BE3865900E16215 /* Sequencer.swift */,
			);
			name = Playback;
			sourceTree = "<group>";
		};
		DE603AA11B9FF7F40059A8CD /* Render */ = {
			isa = PBXGroup;
			children = (
				DED316CB1BA652CA00E45633 /* Element */,
				DE603AAA1BA10DD40059A8CD /* Renderer.swift */,
				DED316DF1BB08B4100E45633 /* OneLineSheet.swift */,
			);
			name = Render;
			sourceTree = "<group>";
		};
		DED316CB1BA652CA00E45633 /* Element */ = {
			isa = PBXGroup;
			children = (
				DED316D31BA7A67400E45633 /* Rest.swift */,
				DED316D71BA8A44B00E45633 /* Note.swift */,
				DED316CE1BA6534400E45633 /* SheetElement.swift */,
				DED316D51BA7A6DB00E45633 /* UIView.swift */,
				DED316D91BA9850F00E45633 /* Flag.swift */,
				DED316DB1BABC43E00E45633 /* Symbol.swift */,
				DED316DD1BAD0FD600E45633 /* Accidental.swift */,
			);
			name = Element;
			sourceTree = "<group>";
		};
		DED316E11BB2D80200E45633 /* Animation */ = {
			isa = PBXGroup;
			children = (
				DED316E21BB2D81600E45633 /* Animation.swift */,
			);
			name = Animation;
			sourceTree = "<group>";
		};
		DEFE6EBB1BA31C5D00BA76B4 /* Sounds */ = {
			isa = PBXGroup;
			children = (
				DEFE6EC31BA3206C00BA76B4 /* vibraphone.sf2 */,
			);
			name = Sounds;
			sourceTree = "<group>";
		};
/* End PBXGroup section */

/* Begin PBXHeadersBuildPhase section */
		DE0B64D51B947D5D0045CA5C /* Headers */ = {
			isa = PBXHeadersBuildPhase;
			buildActionMask = 2147483647;
			files = (
				DE0B64DE1B947D5E0045CA5C /* EternalTriangle.h in Headers */,
			);
			runOnlyForDeploymentPostprocessing = 0;
		};
/* End PBXHeadersBuildPhase section */

/* Begin PBXNativeTarget section */
		DE0B64D71B947D5D0045CA5C /* EternalTriangle */ = {
			isa = PBXNativeTarget;
			buildConfigurationList = DE0B64EE1B947D5E0045CA5C /* Build configuration list for PBXNativeTarget "EternalTriangle" */;
			buildPhases = (
				DE0B64D31B947D5D0045CA5C /* Sources */,
				DE0B64D41B947D5D0045CA5C /* Frameworks */,
				DE0B64D51B947D5D0045CA5C /* Headers */,
				DE0B64D61B947D5D0045CA5C /* Resources */,
			);
			buildRules = (
			);
			dependencies = (
			);
			name = EternalTriangle;
			productName = EternalTriangle;
			productReference = DE0B64D81B947D5D0045CA5C /* EternalTriangle.framework */;
			productType = "com.apple.product-type.framework";
		};
		DE0B65611B94879C0045CA5C /* EternalTriangleTests */ = {
			isa = PBXNativeTarget;
			buildConfigurationList = DE0B656B1B94879C0045CA5C /* Build configuration list for PBXNativeTarget "EternalTriangleTests" */;
			buildPhases = (
				DE0B655E1B94879C0045CA5C /* Sources */,
				DE0B655F1B94879C0045CA5C /* Frameworks */,
				DE0B65601B94879C0045CA5C /* Resources */,
			);
			buildRules = (
			);
			dependencies = (
				DE0B656A1B94879C0045CA5C /* PBXTargetDependency */,
			);
			name = EternalTriangleTests;
			productName = EternalTriangleTests;
			productReference = DE0B65621B94879C0045CA5C /* EternalTriangleTests.xctest */;
			productType = "com.apple.product-type.bundle.unit-test";
		};
/* End PBXNativeTarget section */

/* Begin PBXProject section */
		DE0B64CF1B947D5D0045CA5C /* Project object */ = {
			isa = PBXProject;
			attributes = {
				LastSwiftMigration = 0700;
				LastSwiftUpdateCheck = 0700;
				LastUpgradeCheck = 0700;
				ORGANIZATIONNAME = "Haruki Okada";
				TargetAttributes = {
					DE0B64D71B947D5D0045CA5C = {
						CreatedOnToolsVersion = 6.4;
					};
					DE0B65611B94879C0045CA5C = {
						CreatedOnToolsVersion = 6.4;
					};
				};
			};
			buildConfigurationList = DE0B64D21B947D5D0045CA5C /* Build configuration list for PBXProject "EternalTriangle" */;
			compatibilityVersion = "Xcode 3.2";
			developmentRegion = English;
			hasScannedForEncodings = 0;
			knownRegions = (
				en,
			);
			mainGroup = DE0B64CE1B947D5D0045CA5C;
			productRefGroup = DE0B64D91B947D5D0045CA5C /* Products */;
			projectDirPath = "";
			projectRoot = "";
			targets = (
				DE0B64D71B947D5D0045CA5C /* EternalTriangle */,
				DE0B65611B94879C0045CA5C /* EternalTriangleTests */,
			);
		};
/* End PBXProject section */

/* Begin PBXResourcesBuildPhase section */
		DE0B64D61B947D5D0045CA5C /* Resources */ = {
			isa = PBXResourcesBuildPhase;
			buildActionMask = 2147483647;
			files = (
				DEFE6EC41BA3206C00BA76B4 /* vibraphone.sf2 in Resources */,
			);
			runOnlyForDeploymentPostprocessing = 0;
		};
		DE0B65601B94879C0045CA5C /* Resources */ = {
			isa = PBXResourcesBuildPhase;
			buildActionMask = 2147483647;
			files = (
				DE603A9F1B9DD8520059A8CD /* song.txt in Resources */,
			);
			runOnlyForDeploymentPostprocessing = 0;
		};
/* End PBXResourcesBuildPhase section */

/* Begin PBXSourcesBuildPhase section */
		DE0B64D31B947D5D0045CA5C /* Sources */ = {
			isa = PBXSourcesBuildPhase;
			buildActionMask = 2147483647;
			files = (
				DE0B65731B948A370045CA5C /* Core.swift in Sources */,
				DED316CF1BA6534400E45633 /* SheetElement.swift in Sources */,
				DED316D41BA7A67400E45633 /* Rest.swift in Sources */,
				DE0B657D1B94A1180045CA5C /* Tune.swift in Sources */,
				DED316DC1BABC43E00E45633 /* Symbol.swift in Sources */,
				DE4BEB1C1BE3865900E16215 /* Sequencer.swift in Sources */,
				DE0B65771B9499FE0045CA5C /* Parser.swift in Sources */,
				DE0B65331B94848A0045CA5C /* StringScanner.swift in Sources */,
				DE0B65891B9736EB0045CA5C /* String.swift in Sources */,
				DE0B657A1B949D590045CA5C /* Header.swift in Sources */,
				DED316DE1BAD0FD600E45633 /* Accidental.swift in Sources */,
				DED316E31BB2D81600E45633 /* Animation.swift in Sources */,
				DED316D61BA7A6DB00E45633 /* UIView.swift in Sources */,
				DED316DA1BA9850F00E45633 /* Flag.swift in Sources */,
				DED316D81BA8A44B00E45633 /* Note.swift in Sources */,
				DE603AAB1BA10DD40059A8CD /* Renderer.swift in Sources */,
				DED316E01BB08B4100E45633 /* OneLineSheet.swift in Sources */,
				DEFE6EBA1BA1B57600BA76B4 /* ABCParser.swift in Sources */,
				DE0B65751B948DA90045CA5C /* Element.swift in Sources */,
				DED316C71BA57FCC00E45633 /* MIDIUtility.swift in Sources */,
			);
			runOnlyForDeploymentPostprocessing = 0;
		};
		DE0B655E1B94879C0045CA5C /* Sources */ = {
			isa = PBXSourcesBuildPhase;
			buildActionMask = 2147483647;
			files = (
				DE0B65821B9520E00045CA5C /* ParserTests.swift in Sources */,
				DE0B658D1B9757040045CA5C /* StringTests.swift in Sources */,
				DE0B65701B9487BA0045CA5C /* StringScannerTests.swift in Sources */,
			);
			runOnlyForDeploymentPostprocessing = 0;
		};
/* End PBXSourcesBuildPhase section */

/* Begin PBXTargetDependency section */
		DE0B656A1B94879C0045CA5C /* PBXTargetDependency */ = {
			isa = PBXTargetDependency;
			target = DE0B64D71B947D5D0045CA5C /* EternalTriangle */;
			targetProxy = DE0B65691B94879C0045CA5C /* PBXContainerItemProxy */;
		};
/* End PBXTargetDependency section */

/* Begin XCBuildConfiguration section */
		DE0B64EC1B947D5E0045CA5C /* Debug */ = {
			isa = XCBuildConfiguration;
			buildSettings = {
				ALWAYS_SEARCH_USER_PATHS = NO;
				CLANG_CXX_LANGUAGE_STANDARD = "gnu++0x";
				CLANG_CXX_LIBRARY = "libc++";
				CLANG_ENABLE_MODULES = YES;
				CLANG_ENABLE_OBJC_ARC = YES;
				CLANG_WARN_BOOL_CONVERSION = YES;
				CLANG_WARN_CONSTANT_CONVERSION = YES;
				CLANG_WARN_DIRECT_OBJC_ISA_USAGE = YES_ERROR;
				CLANG_WARN_EMPTY_BODY = YES;
				CLANG_WARN_ENUM_CONVERSION = YES;
				CLANG_WARN_INT_CONVERSION = YES;
				CLANG_WARN_OBJC_ROOT_CLASS = YES_ERROR;
				CLANG_WARN_UNREACHABLE_CODE = YES;
				CLANG_WARN__DUPLICATE_METHOD_MATCH = YES;
				"CODE_SIGN_IDENTITY[sdk=iphoneos*]" = "iPhone Developer";
				COPY_PHASE_STRIP = NO;
				CURRENT_PROJECT_VERSION = 1;
				DEBUG_INFORMATION_FORMAT = "dwarf-with-dsym";
				ENABLE_STRICT_OBJC_MSGSEND = YES;
				ENABLE_TESTABILITY = YES;
				GCC_C_LANGUAGE_STANDARD = gnu99;
				GCC_DYNAMIC_NO_PIC = NO;
				GCC_NO_COMMON_BLOCKS = YES;
				GCC_OPTIMIZATION_LEVEL = 0;
				GCC_PREPROCESSOR_DEFINITIONS = (
					"DEBUG=1",
					"$(inherited)",
				);
				GCC_SYMBOLS_PRIVATE_EXTERN = NO;
				GCC_WARN_64_TO_32_BIT_CONVERSION = YES;
				GCC_WARN_ABOUT_RETURN_TYPE = YES_ERROR;
				GCC_WARN_UNDECLARED_SELECTOR = YES;
				GCC_WARN_UNINITIALIZED_AUTOS = YES_AGGRESSIVE;
				GCC_WARN_UNUSED_FUNCTION = YES;
				GCC_WARN_UNUSED_VARIABLE = YES;
				IPHONEOS_DEPLOYMENT_TARGET = 8.0;
				MTL_ENABLE_DEBUG_INFO = YES;
				ONLY_ACTIVE_ARCH = YES;
				SDKROOT = iphoneos;
				SWIFT_OPTIMIZATION_LEVEL = "-Onone";
				TARGETED_DEVICE_FAMILY = "1,2";
				VERSIONING_SYSTEM = "apple-generic";
				VERSION_INFO_PREFIX = "";
			};
			name = Debug;
		};
		DE0B64ED1B947D5E0045CA5C /* Release */ = {
			isa = XCBuildConfiguration;
			buildSettings = {
				ALWAYS_SEARCH_USER_PATHS = NO;
				CLANG_CXX_LANGUAGE_STANDARD = "gnu++0x";
				CLANG_CXX_LIBRARY = "libc++";
				CLANG_ENABLE_MODULES = YES;
				CLANG_ENABLE_OBJC_ARC = YES;
				CLANG_WARN_BOOL_CONVERSION = YES;
				CLANG_WARN_CONSTANT_CONVERSION = YES;
				CLANG_WARN_DIRECT_OBJC_ISA_USAGE = YES_ERROR;
				CLANG_WARN_EMPTY_BODY = YES;
				CLANG_WARN_ENUM_CONVERSION = YES;
				CLANG_WARN_INT_CONVERSION = YES;
				CLANG_WARN_OBJC_ROOT_CLASS = YES_ERROR;
				CLANG_WARN_UNREACHABLE_CODE = YES;
				CLANG_WARN__DUPLICATE_METHOD_MATCH = YES;
				"CODE_SIGN_IDENTITY[sdk=iphoneos*]" = "iPhone Developer";
				COPY_PHASE_STRIP = NO;
				CURRENT_PROJECT_VERSION = 1;
				DEBUG_INFORMATION_FORMAT = "dwarf-with-dsym";
				ENABLE_NS_ASSERTIONS = NO;
				ENABLE_STRICT_OBJC_MSGSEND = YES;
				GCC_C_LANGUAGE_STANDARD = gnu99;
				GCC_NO_COMMON_BLOCKS = YES;
				GCC_WARN_64_TO_32_BIT_CONVERSION = YES;
				GCC_WARN_ABOUT_RETURN_TYPE = YES_ERROR;
				GCC_WARN_UNDECLARED_SELECTOR = YES;
				GCC_WARN_UNINITIALIZED_AUTOS = YES_AGGRESSIVE;
				GCC_WARN_UNUSED_FUNCTION = YES;
				GCC_WARN_UNUSED_VARIABLE = YES;
				IPHONEOS_DEPLOYMENT_TARGET = 8.0;
				MTL_ENABLE_DEBUG_INFO = NO;
				SDKROOT = iphoneos;
				TARGETED_DEVICE_FAMILY = "1,2";
				VALIDATE_PRODUCT = YES;
				VERSIONING_SYSTEM = "apple-generic";
				VERSION_INFO_PREFIX = "";
			};
			name = Release;
		};
		DE0B64EF1B947D5E0045CA5C /* Debug */ = {
			isa = XCBuildConfiguration;
			buildSettings = {
				CLANG_ENABLE_MODULES = YES;
				DEFINES_MODULE = YES;
				DYLIB_COMPATIBILITY_VERSION = 1;
				DYLIB_CURRENT_VERSION = 1;
				DYLIB_INSTALL_NAME_BASE = "@rpath";
				INFOPLIST_FILE = EternalTriangle/Info.plist;
				INSTALL_PATH = "$(LOCAL_LIBRARY_DIR)/Frameworks";
				IPHONEOS_DEPLOYMENT_TARGET = 8.0;
				LD_RUNPATH_SEARCH_PATHS = "$(inherited) @executable_path/Frameworks @loader_path/Frameworks";
				PRODUCT_BUNDLE_IDENTIFIER = "com.mayreh.$(PRODUCT_NAME:rfc1034identifier)";
				PRODUCT_NAME = "$(TARGET_NAME)";
				SKIP_INSTALL = YES;
				SWIFT_OBJC_BRIDGING_HEADER = "";
				SWIFT_OPTIMIZATION_LEVEL = "-Onone";
			};
			name = Debug;
		};
		DE0B64F01B947D5E0045CA5C /* Release */ = {
			isa = XCBuildConfiguration;
			buildSettings = {
				CLANG_ENABLE_MODULES = YES;
				DEFINES_MODULE = YES;
				DYLIB_COMPATIBILITY_VERSION = 1;
				DYLIB_CURRENT_VERSION = 1;
				DYLIB_INSTALL_NAME_BASE = "@rpath";
				INFOPLIST_FILE = EternalTriangle/Info.plist;
				INSTALL_PATH = "$(LOCAL_LIBRARY_DIR)/Frameworks";
				IPHONEOS_DEPLOYMENT_TARGET = 8.0;
				LD_RUNPATH_SEARCH_PATHS = "$(inherited) @executable_path/Frameworks @loader_path/Frameworks";
				PRODUCT_BUNDLE_IDENTIFIER = "com.mayreh.$(PRODUCT_NAME:rfc1034identifier)";
				PRODUCT_NAME = "$(TARGET_NAME)";
				SKIP_INSTALL = YES;
				SWIFT_OBJC_BRIDGING_HEADER = "";
			};
			name = Release;
		};
		DE0B656C1B94879C0045CA5C /* Debug */ = {
			isa = XCBuildConfiguration;
			buildSettings = {
				FRAMEWORK_SEARCH_PATHS = (
					"$(SDKROOT)/Developer/Library/Frameworks",
					"$(inherited)",
				);
				GCC_PREPROCESSOR_DEFINITIONS = (
					"DEBUG=1",
					"$(inherited)",
				);
				INFOPLIST_FILE = EternalTriangleTests/Info.plist;
				IPHONEOS_DEPLOYMENT_TARGET = 8.4;
				LD_RUNPATH_SEARCH_PATHS = "$(inherited) @executable_path/Frameworks @loader_path/Frameworks";
				PRODUCT_BUNDLE_IDENTIFIER = "com.mayreh.$(PRODUCT_NAME:rfc1034identifier)";
				PRODUCT_NAME = "$(TARGET_NAME)";
			};
			name = Debug;
		};
		DE0B656D1B94879C0045CA5C /* Release */ = {
			isa = XCBuildConfiguration;
			buildSettings = {
				FRAMEWORK_SEARCH_PATHS = (
					"$(SDKROOT)/Developer/Library/Frameworks",
					"$(inherited)",
				);
				INFOPLIST_FILE = EternalTriangleTests/Info.plist;
				IPHONEOS_DEPLOYMENT_TARGET = 8.4;
				LD_RUNPATH_SEARCH_PATHS = "$(inherited) @executable_path/Frameworks @loader_path/Frameworks";
				PRODUCT_BUNDLE_IDENTIFIER = "com.mayreh.$(PRODUCT_NAME:rfc1034identifier)";
				PRODUCT_NAME = "$(TARGET_NAME)";
			};
			name = Release;
		};
/* End XCBuildConfiguration section */

/* Begin XCConfigurationList section */
		DE0B64D21B947D5D0045CA5C /* Build configuration list for PBXProject "EternalTriangle" */ = {
			isa = XCConfigurationList;
			buildConfigurations = (
				DE0B64EC1B947D5E0045CA5C /* Debug */,
				DE0B64ED1B947D5E0045CA5C /* Release */,
			);
			defaultConfigurationIsVisible = 0;
			defaultConfigurationName = Release;
		};
		DE0B64EE1B947D5E0045CA5C /* Build configuration list for PBXNativeTarget "EternalTriangle" */ = {
			isa = XCConfigurationList;
			buildConfigurations = (
				DE0B64EF1B947D5E0045CA5C /* Debug */,
				DE0B64F01B947D5E0045CA5C /* Release */,
			);
			defaultConfigurationIsVisible = 0;
			defaultConfigurationName = Release;
		};
		DE0B656B1B94879C0045CA5C /* Build configuration list for PBXNativeTarget "EternalTriangleTests" */ = {
			isa = XCConfigurationList;
			buildConfigurations = (
				DE0B656C1B94879C0045CA5C /* Debug */,
				DE0B656D1B94879C0045CA5C /* Release */,
			);
			defaultConfigurationIsVisible = 0;
			defaultConfigurationName = Release;
		};
/* End XCConfigurationList section */
	};
	rootObject = DE0B64CF1B947D5D0045CA5C /* Project object */;
}
